
Microsoft Visual Studio Solution File, Format Version 11.00
# Visual Studio 2010
Project("{FAE04EC0-301F-11D3-BF4B-00C04F79EFBC}") = "LuaInterface.IOS", "Core\LuaInterface\LuaInterface.IOS.csproj", "{7064B157-DD57-4828-94C5-CA149B25CB40}"
EndProject
Project("{FAE04EC0-301F-11D3-BF4B-00C04F79EFBC}") = "KopiLua.IOS", "Core\KopiLua\KopiLua.IOS.csproj", "{23997AB1-C4A3-49BA-A7B5-4C14F97C236B}"
EndProject
Global
	GlobalSection(SolutionConfigurationPlatforms) = preSolution
		Debug|Any CPU = Debug|Any CPU
		Release|Any CPU = Release|Any CPU
	EndGlobalSection
	GlobalSection(ProjectConfigurationPlatforms) = postSolution
		{23997AB1-C4A3-49BA-A7B5-4C14F97C236B}.Debug|Any CPU.ActiveCfg = Debug|Any CPU
		{23997AB1-C4A3-49BA-A7B5-4C14F97C236B}.Debug|Any CPU.Build.0 = Debug|Any CPU
		{23997AB1-C4A3-49BA-A7B5-4C14F97C236B}.Release|Any CPU.ActiveCfg = Release|Any CPU
		{23997AB1-C4A3-49BA-A7B5-4C14F97C236B}.Release|Any CPU.Build.0 = Release|Any CPU
		{7064B157-DD57-4828-94C5-CA149B25CB40}.Debug|Any CPU.ActiveCfg = Debug|Any CPU
		{7064B157-DD57-4828-94C5-CA149B25CB40}.Debug|Any CPU.Build.0 = Debug|Any CPU
		{7064B157-DD57-4828-94C5-CA149B25CB40}.Release|Any CPU.ActiveCfg = Release|Any CPU
		{7064B157-DD57-4828-94C5-CA149B25CB40}.Release|Any CPU.Build.0 = Release|Any CPU
	EndGlobalSection
	GlobalSection(MonoDevelopProperties) = preSolution
		StartupItem = Core\LuaInterface\LuaInterface.IOS.csproj
	EndGlobalSection
EndGlobal
