
Microsoft Visual Studio Solution File, Format Version 11.00
# Visual Studio 2010
Project("{2150E333-8FDC-42A3-9474-1A3956D46DE8}") = "Test", "Test", "{0E28CF40-4DFA-46FE-95BB-E90648DFE6F5}"
EndProject
Project("{2150E333-8FDC-42A3-9474-1A3956D46DE8}") = "Applications", "Applications", "{B13128D8-A4F3-4C53-A4C6-F2EA34F527BD}"
EndProject
Project("{FAE04EC0-301F-11D3-BF4B-00C04F79EFBC}") = "LuaRunner", "Applications\LuaRunner\LuaRunner.csproj", "{3CE4CCB6-3465-43E3-B5ED-5FB9B70D20E5}"
EndProject
Project("{2150E333-8FDC-42A3-9474-1A3956D46DE8}") = "Core", "Core", "{B8664957-CB71-4F11-A4DB-59E7514BC5F3}"
EndProject
Project("{FAE04EC0-301F-11D3-BF4B-00C04F79EFBC}") = "KopiLua", "Core\KopiLua\KopiLua.csproj", "{E8DDBC21-EF74-4ABA-9C49-BFC702BE25D8}"
EndProject
Project("{FAE04EC0-301F-11D3-BF4B-00C04F79EFBC}") = "LuaInterface", "Core\LuaInterface\LuaInterface.csproj", "{F55CABBB-4108-4A39-94E1-581FD46DC021}"
EndProject
Project("{FAE04EC0-301F-11D3-BF4B-00C04F79EFBC}") = "LuaInterfaceTest", "LuaInterfaceTest\LuaInterfaceTest.csproj", "{D5FCADFA-5047-40C2-B392-256875862920}"
EndProject
Global
	GlobalSection(SolutionConfigurationPlatforms) = preSolution
		Debug|Any CPU = Debug|Any CPU
		Release|Any CPU = Release|Any CPU
	EndGlobalSection
	GlobalSection(ProjectConfigurationPlatforms) = postSolution
		{3CE4CCB6-3465-43E3-B5ED-5FB9B70D20E5}.Debug|Any CPU.ActiveCfg = Debug|Any CPU
		{3CE4CCB6-3465-43E3-B5ED-5FB9B70D20E5}.Debug|Any CPU.Build.0 = Debug|Any CPU
		{3CE4CCB6-3465-43E3-B5ED-5FB9B70D20E5}.Release|Any CPU.ActiveCfg = Release|Any CPU
		{3CE4CCB6-3465-43E3-B5ED-5FB9B70D20E5}.Release|Any CPU.Build.0 = Release|Any CPU
		{D5FCADFA-5047-40C2-B392-256875862920}.Debug|Any CPU.ActiveCfg = Debug|Any CPU
		{D5FCADFA-5047-40C2-B392-256875862920}.Debug|Any CPU.Build.0 = Debug|Any CPU
		{D5FCADFA-5047-40C2-B392-256875862920}.Release|Any CPU.ActiveCfg = Release|Any CPU
		{D5FCADFA-5047-40C2-B392-256875862920}.Release|Any CPU.Build.0 = Release|Any CPU
		{E8DDBC21-EF74-4ABA-9C49-BFC702BE25D8}.Debug|Any CPU.ActiveCfg = Debug|Any CPU
		{E8DDBC21-EF74-4ABA-9C49-BFC702BE25D8}.Debug|Any CPU.Build.0 = Debug|Any CPU
		{E8DDBC21-EF74-4ABA-9C49-BFC702BE25D8}.Release|Any CPU.ActiveCfg = Release|Any CPU
		{E8DDBC21-EF74-4ABA-9C49-BFC702BE25D8}.Release|Any CPU.Build.0 = Release|Any CPU
		{F55CABBB-4108-4A39-94E1-581FD46DC021}.Debug|Any CPU.ActiveCfg = Debug|Any CPU
		{F55CABBB-4108-4A39-94E1-581FD46DC021}.Debug|Any CPU.Build.0 = Debug|Any CPU
		{F55CABBB-4108-4A39-94E1-581FD46DC021}.Release|Any CPU.ActiveCfg = Release|Any CPU
		{F55CABBB-4108-4A39-94E1-581FD46DC021}.Release|Any CPU.Build.0 = Release|Any CPU
	EndGlobalSection
	GlobalSection(NestedProjects) = preSolution
		{3CE4CCB6-3465-43E3-B5ED-5FB9B70D20E5} = {B13128D8-A4F3-4C53-A4C6-F2EA34F527BD}
		{E8DDBC21-EF74-4ABA-9C49-BFC702BE25D8} = {B8664957-CB71-4F11-A4DB-59E7514BC5F3}
		{F55CABBB-4108-4A39-94E1-581FD46DC021} = {B8664957-CB71-4F11-A4DB-59E7514BC5F3}
	EndGlobalSection
	GlobalSection(MonoDevelopProperties) = preSolution
		StartupItem = LuaInterfaceTest\LuaInterfaceTest.csproj
		description = LuaInterface
		version = 2.x
	EndGlobalSection
	GlobalSection(SolutionProperties) = preSolution
		HideSolutionNode = FALSE
	EndGlobalSection
EndGlobal
