
Microsoft Visual Studio Solution File, Format Version 11.00
# Visual Studio 2010 Express for Windows Phone
Project("{FAE04EC0-301F-11D3-BF4B-00C04F79EFBC}") = "NLua.WP7", "Core\NLua\NLua.WP7.csproj", "{380F9E4E-274F-4355-90C1-D196E785F751}"
EndProject
Project("{FAE04EC0-301F-11D3-BF4B-00C04F79EFBC}") = "KopiLua-wp7", "Core\KopiLua\KopiLua\KopiLua-wp7.csproj", "{330E0C63-4160-46E0-BBDA-325185A4AB7A}"
EndProject
Global
	GlobalSection(SolutionConfigurationPlatforms) = preSolution
		Debug|Any CPU = Debug|Any CPU
		Release|Any CPU = Release|Any CPU
	EndGlobalSection
	GlobalSection(ProjectConfigurationPlatforms) = postSolution
		{380F9E4E-274F-4355-90C1-D196E785F751}.Debug|Any CPU.ActiveCfg = Debug|Any CPU
		{380F9E4E-274F-4355-90C1-D196E785F751}.Debug|Any CPU.Build.0 = Debug|Any CPU
		{380F9E4E-274F-4355-90C1-D196E785F751}.Release|Any CPU.ActiveCfg = Release|Any CPU
		{380F9E4E-274F-4355-90C1-D196E785F751}.Release|Any CPU.Build.0 = Release|Any CPU
		{330E0C63-4160-46E0-BBDA-325185A4AB7A}.Debug|Any CPU.ActiveCfg = Debug|Any CPU
		{330E0C63-4160-46E0-BBDA-325185A4AB7A}.Debug|Any CPU.Build.0 = Debug|Any CPU
		{330E0C63-4160-46E0-BBDA-325185A4AB7A}.Release|Any CPU.ActiveCfg = Release|Any CPU
		{330E0C63-4160-46E0-BBDA-325185A4AB7A}.Release|Any CPU.Build.0 = Release|Any CPU
	EndGlobalSection
	GlobalSection(SolutionProperties) = preSolution
		HideSolutionNode = FALSE
	EndGlobalSection
EndGlobal
