
Microsoft Visual Studio Solution File, Format Version 12.00
# Visual Studio 2013
VisualStudioVersion = 12.0.30723.0
MinimumVisualStudioVersion = 10.0.40219.1
Project("{8BC9CEB8-8B4A-11D0-8D11-00A0C91BC942}") = "lua52", "Core\KeraLua\external\lua\wp8_build\lua\lua52\lua52.vcxproj", "{51334677-A80F-40F7-8CFE-5DA0A92AC0C6}"
EndProject
Project("{FAE04EC0-301F-11D3-BF4B-00C04F79EFBC}") = "KeraLua.WP8", "Core\KeraLua\src\WP8\KeraLua.WP8.csproj", "{1F139CCB-195B-402D-8776-7A15A3E05886}"
EndProject
Project("{FAE04EC0-301F-11D3-BF4B-00C04F79EFBC}") = "NLua.WP8", "Core\NLua\NLua.WP8.csproj", "{1E72B073-2154-4329-BC8D-94F19F91C945}"
EndProject
Global
	GlobalSection(SolutionConfigurationPlatforms) = preSolution
		Debug|Any CPU = Debug|Any CPU
		Debug|ARM = Debug|ARM
		Debug|Mixed Platforms = Debug|Mixed Platforms
		Debug|Win32 = Debug|Win32
		Debug|x86 = Debug|x86
		Release|Any CPU = Release|Any CPU
		Release|ARM = Release|ARM
		Release|Mixed Platforms = Release|Mixed Platforms
		Release|Win32 = Release|Win32
		Release|x86 = Release|x86
	EndGlobalSection
	GlobalSection(ProjectConfigurationPlatforms) = postSolution
		{51334677-A80F-40F7-8CFE-5DA0A92AC0C6}.Debug|Any CPU.ActiveCfg = Debug|Win32
		{51334677-A80F-40F7-8CFE-5DA0A92AC0C6}.Debug|ARM.ActiveCfg = Debug|ARM
		{51334677-A80F-40F7-8CFE-5DA0A92AC0C6}.Debug|ARM.Build.0 = Debug|ARM
		{51334677-A80F-40F7-8CFE-5DA0A92AC0C6}.Debug|Mixed Platforms.ActiveCfg = Debug|Win32
		{51334677-A80F-40F7-8CFE-5DA0A92AC0C6}.Debug|Mixed Platforms.Build.0 = Debug|Win32
		{51334677-A80F-40F7-8CFE-5DA0A92AC0C6}.Debug|Win32.ActiveCfg = Debug|Win32
		{51334677-A80F-40F7-8CFE-5DA0A92AC0C6}.Debug|Win32.Build.0 = Debug|Win32
		{51334677-A80F-40F7-8CFE-5DA0A92AC0C6}.Debug|x86.ActiveCfg = Debug|Win32
		{51334677-A80F-40F7-8CFE-5DA0A92AC0C6}.Debug|x86.Build.0 = Debug|Win32
		{51334677-A80F-40F7-8CFE-5DA0A92AC0C6}.Release|Any CPU.ActiveCfg = Release|Win32
		{51334677-A80F-40F7-8CFE-5DA0A92AC0C6}.Release|ARM.ActiveCfg = Release|ARM
		{51334677-A80F-40F7-8CFE-5DA0A92AC0C6}.Release|ARM.Build.0 = Release|ARM
		{51334677-A80F-40F7-8CFE-5DA0A92AC0C6}.Release|Mixed Platforms.ActiveCfg = Release|Win32
		{51334677-A80F-40F7-8CFE-5DA0A92AC0C6}.Release|Mixed Platforms.Build.0 = Release|Win32
		{51334677-A80F-40F7-8CFE-5DA0A92AC0C6}.Release|Win32.ActiveCfg = Release|Win32
		{51334677-A80F-40F7-8CFE-5DA0A92AC0C6}.Release|Win32.Build.0 = Release|Win32
		{51334677-A80F-40F7-8CFE-5DA0A92AC0C6}.Release|x86.ActiveCfg = Release|Win32
		{51334677-A80F-40F7-8CFE-5DA0A92AC0C6}.Release|x86.Build.0 = Release|Win32
		{1F139CCB-195B-402D-8776-7A15A3E05886}.Debug|Any CPU.ActiveCfg = Debug|Any CPU
		{1F139CCB-195B-402D-8776-7A15A3E05886}.Debug|Any CPU.Build.0 = Debug|Any CPU
		{1F139CCB-195B-402D-8776-7A15A3E05886}.Debug|ARM.ActiveCfg = Debug|ARM
		{1F139CCB-195B-402D-8776-7A15A3E05886}.Debug|ARM.Build.0 = Debug|ARM
		{1F139CCB-195B-402D-8776-7A15A3E05886}.Debug|Mixed Platforms.ActiveCfg = Debug|x86
		{1F139CCB-195B-402D-8776-7A15A3E05886}.Debug|Mixed Platforms.Build.0 = Debug|x86
		{1F139CCB-195B-402D-8776-7A15A3E05886}.Debug|Win32.ActiveCfg = Debug|x86
		{1F139CCB-195B-402D-8776-7A15A3E05886}.Debug|Win32.Build.0 = Debug|x86
		{1F139CCB-195B-402D-8776-7A15A3E05886}.Debug|x86.ActiveCfg = Debug|x86
		{1F139CCB-195B-402D-8776-7A15A3E05886}.Debug|x86.Build.0 = Debug|x86
		{1F139CCB-195B-402D-8776-7A15A3E05886}.Release|Any CPU.ActiveCfg = Release|Any CPU
		{1F139CCB-195B-402D-8776-7A15A3E05886}.Release|Any CPU.Build.0 = Release|Any CPU
		{1F139CCB-195B-402D-8776-7A15A3E05886}.Release|ARM.ActiveCfg = Release|ARM
		{1F139CCB-195B-402D-8776-7A15A3E05886}.Release|ARM.Build.0 = Release|ARM
		{1F139CCB-195B-402D-8776-7A15A3E05886}.Release|Mixed Platforms.ActiveCfg = Release|x86
		{1F139CCB-195B-402D-8776-7A15A3E05886}.Release|Mixed Platforms.Build.0 = Release|x86
		{1F139CCB-195B-402D-8776-7A15A3E05886}.Release|Win32.ActiveCfg = Release|x86
		{1F139CCB-195B-402D-8776-7A15A3E05886}.Release|Win32.Build.0 = Release|x86
		{1F139CCB-195B-402D-8776-7A15A3E05886}.Release|x86.ActiveCfg = Release|x86
		{1F139CCB-195B-402D-8776-7A15A3E05886}.Release|x86.Build.0 = Release|x86
		{1E72B073-2154-4329-BC8D-94F19F91C945}.Debug|Any CPU.ActiveCfg = Debug|Any CPU
		{1E72B073-2154-4329-BC8D-94F19F91C945}.Debug|Any CPU.Build.0 = Debug|Any CPU
		{1E72B073-2154-4329-BC8D-94F19F91C945}.Debug|ARM.ActiveCfg = Debug|ARM
		{1E72B073-2154-4329-BC8D-94F19F91C945}.Debug|ARM.Build.0 = Debug|ARM
		{1E72B073-2154-4329-BC8D-94F19F91C945}.Debug|Mixed Platforms.ActiveCfg = Debug|x86
		{1E72B073-2154-4329-BC8D-94F19F91C945}.Debug|Mixed Platforms.Build.0 = Debug|x86
		{1E72B073-2154-4329-BC8D-94F19F91C945}.Debug|Win32.ActiveCfg = Debug|x86
		{1E72B073-2154-4329-BC8D-94F19F91C945}.Debug|Win32.Build.0 = Debug|x86
		{1E72B073-2154-4329-BC8D-94F19F91C945}.Debug|x86.ActiveCfg = Debug|x86
		{1E72B073-2154-4329-BC8D-94F19F91C945}.Debug|x86.Build.0 = Debug|x86
		{1E72B073-2154-4329-BC8D-94F19F91C945}.Release|Any CPU.ActiveCfg = Release|Any CPU
		{1E72B073-2154-4329-BC8D-94F19F91C945}.Release|Any CPU.Build.0 = Release|Any CPU
		{1E72B073-2154-4329-BC8D-94F19F91C945}.Release|ARM.ActiveCfg = Release|ARM
		{1E72B073-2154-4329-BC8D-94F19F91C945}.Release|ARM.Build.0 = Release|ARM
		{1E72B073-2154-4329-BC8D-94F19F91C945}.Release|Mixed Platforms.ActiveCfg = Release|x86
		{1E72B073-2154-4329-BC8D-94F19F91C945}.Release|Mixed Platforms.Build.0 = Release|x86
		{1E72B073-2154-4329-BC8D-94F19F91C945}.Release|Win32.ActiveCfg = Release|x86
		{1E72B073-2154-4329-BC8D-94F19F91C945}.Release|Win32.Build.0 = Release|x86
		{1E72B073-2154-4329-BC8D-94F19F91C945}.Release|x86.ActiveCfg = Release|x86
		{1E72B073-2154-4329-BC8D-94F19F91C945}.Release|x86.Build.0 = Release|x86
	EndGlobalSection
	GlobalSection(SolutionProperties) = preSolution
		HideSolutionNode = FALSE
	EndGlobalSection
EndGlobal
