
Microsoft Visual Studio Solution File, Format Version 12.00
# Visual Studio 2013
VisualStudioVersion = 12.0.30723.0
MinimumVisualStudioVersion = 10.0.40219.1
Project("{2150E333-8FDC-42A3-9474-1A3956D46DE8}") = "Test", "Test", "{0E28CF40-4DFA-46FE-95BB-E90648DFE6F5}"
EndProject
Project("{2150E333-8FDC-42A3-9474-1A3956D46DE8}") = "Applications", "Applications", "{B13128D8-A4F3-4C53-A4C6-F2EA34F527BD}"
EndProject
Project("{2150E333-8FDC-42A3-9474-1A3956D46DE8}") = "Core", "Core", "{B8664957-CB71-4F11-A4DB-59E7514BC5F3}"
EndProject
Project("{FAE04EC0-301F-11D3-BF4B-00C04F79EFBC}") = "KopiLua.Net35", "Core\KopiLua\KopiLua\KopiLua.Net35.csproj", "{E8DDBC21-EF74-4ABA-9C49-BFC702BE25D8}"
EndProject
Project("{FAE04EC0-301F-11D3-BF4B-00C04F79EFBC}") = "NLua.Net35", "Core\NLua\NLua.Net35.csproj", "{F55CABBB-4108-4A39-94E1-581FD46DC021}"
EndProject
Project("{FAE04EC0-301F-11D3-BF4B-00C04F79EFBC}") = "KeraLua.Net35", "Core\KeraLua\src\KeraLua.Net35.csproj", "{47153754-10F5-44D8-B578-F5A32B69061A}"
EndProject
Project("{FAE04EC0-301F-11D3-BF4B-00C04F79EFBC}") = "NLuaTest.35", "NLuaTest\NLuaTest.35.csproj", "{D5FCADFA-5047-40C2-B392-256875862920}"
EndProject
Global
	GlobalSection(SolutionConfigurationPlatforms) = preSolution
		Debug|Any CPU = Debug|Any CPU
		DebugKopiLua|Any CPU = DebugKopiLua|Any CPU
		Release|Any CPU = Release|Any CPU
		ReleaseKopiLua|Any CPU = ReleaseKopiLua|Any CPU
	EndGlobalSection
	GlobalSection(ProjectConfigurationPlatforms) = postSolution
		{E8DDBC21-EF74-4ABA-9C49-BFC702BE25D8}.Debug|Any CPU.ActiveCfg = Debug|Any CPU
		{E8DDBC21-EF74-4ABA-9C49-BFC702BE25D8}.Debug|Any CPU.Build.0 = Debug|Any CPU
		{E8DDBC21-EF74-4ABA-9C49-BFC702BE25D8}.DebugKopiLua|Any CPU.ActiveCfg = DebugKopiLua|Any CPU
		{E8DDBC21-EF74-4ABA-9C49-BFC702BE25D8}.DebugKopiLua|Any CPU.Build.0 = DebugKopiLua|Any CPU
		{E8DDBC21-EF74-4ABA-9C49-BFC702BE25D8}.Release|Any CPU.ActiveCfg = Release|Any CPU
		{E8DDBC21-EF74-4ABA-9C49-BFC702BE25D8}.Release|Any CPU.Build.0 = Release|Any CPU
		{E8DDBC21-EF74-4ABA-9C49-BFC702BE25D8}.ReleaseKopiLua|Any CPU.ActiveCfg = ReleaseKopiLua|Any CPU
		{E8DDBC21-EF74-4ABA-9C49-BFC702BE25D8}.ReleaseKopiLua|Any CPU.Build.0 = ReleaseKopiLua|Any CPU
		{F55CABBB-4108-4A39-94E1-581FD46DC021}.Debug|Any CPU.ActiveCfg = Debug|Any CPU
		{F55CABBB-4108-4A39-94E1-581FD46DC021}.Debug|Any CPU.Build.0 = Debug|Any CPU
		{F55CABBB-4108-4A39-94E1-581FD46DC021}.DebugKopiLua|Any CPU.ActiveCfg = DebugKopiLua|Any CPU
		{F55CABBB-4108-4A39-94E1-581FD46DC021}.DebugKopiLua|Any CPU.Build.0 = DebugKopiLua|Any CPU
		{F55CABBB-4108-4A39-94E1-581FD46DC021}.Release|Any CPU.ActiveCfg = Release|Any CPU
		{F55CABBB-4108-4A39-94E1-581FD46DC021}.Release|Any CPU.Build.0 = Release|Any CPU
		{F55CABBB-4108-4A39-94E1-581FD46DC021}.ReleaseKopiLua|Any CPU.ActiveCfg = ReleaseKopiLua|Any CPU
		{F55CABBB-4108-4A39-94E1-581FD46DC021}.ReleaseKopiLua|Any CPU.Build.0 = ReleaseKopiLua|Any CPU
		{47153754-10F5-44D8-B578-F5A32B69061A}.Debug|Any CPU.ActiveCfg = Debug|Any CPU
		{47153754-10F5-44D8-B578-F5A32B69061A}.Debug|Any CPU.Build.0 = Debug|Any CPU
		{47153754-10F5-44D8-B578-F5A32B69061A}.DebugKopiLua|Any CPU.ActiveCfg = DebugKopiLua|Any CPU
		{47153754-10F5-44D8-B578-F5A32B69061A}.DebugKopiLua|Any CPU.Build.0 = DebugKopiLua|Any CPU
		{47153754-10F5-44D8-B578-F5A32B69061A}.Release|Any CPU.ActiveCfg = Release|Any CPU
		{47153754-10F5-44D8-B578-F5A32B69061A}.Release|Any CPU.Build.0 = Release|Any CPU
		{47153754-10F5-44D8-B578-F5A32B69061A}.ReleaseKopiLua|Any CPU.ActiveCfg = ReleaseKopiLua|Any CPU
		{47153754-10F5-44D8-B578-F5A32B69061A}.ReleaseKopiLua|Any CPU.Build.0 = ReleaseKopiLua|Any CPU
		{D5FCADFA-5047-40C2-B392-256875862920}.Debug|Any CPU.ActiveCfg = Debug|Any CPU
		{D5FCADFA-5047-40C2-B392-256875862920}.Debug|Any CPU.Build.0 = Debug|Any CPU
		{D5FCADFA-5047-40C2-B392-256875862920}.DebugKopiLua|Any CPU.ActiveCfg = DebugKopiLua|Any CPU
		{D5FCADFA-5047-40C2-B392-256875862920}.DebugKopiLua|Any CPU.Build.0 = DebugKopiLua|Any CPU
		{D5FCADFA-5047-40C2-B392-256875862920}.Release|Any CPU.ActiveCfg = Release|Any CPU
		{D5FCADFA-5047-40C2-B392-256875862920}.Release|Any CPU.Build.0 = Release|Any CPU
		{D5FCADFA-5047-40C2-B392-256875862920}.ReleaseKopiLua|Any CPU.ActiveCfg = ReleaseKopiLua|Any CPU
		{D5FCADFA-5047-40C2-B392-256875862920}.ReleaseKopiLua|Any CPU.Build.0 = ReleaseKopiLua|Any CPU
	EndGlobalSection
	GlobalSection(SolutionProperties) = preSolution
		HideSolutionNode = FALSE
	EndGlobalSection
	GlobalSection(NestedProjects) = preSolution
		{E8DDBC21-EF74-4ABA-9C49-BFC702BE25D8} = {B8664957-CB71-4F11-A4DB-59E7514BC5F3}
		{F55CABBB-4108-4A39-94E1-581FD46DC021} = {B8664957-CB71-4F11-A4DB-59E7514BC5F3}
		{47153754-10F5-44D8-B578-F5A32B69061A} = {B8664957-CB71-4F11-A4DB-59E7514BC5F3}
		{D5FCADFA-5047-40C2-B392-256875862920} = {0E28CF40-4DFA-46FE-95BB-E90648DFE6F5}
	EndGlobalSection
	GlobalSection(MonoDevelopProperties) = preSolution
		StartupItem = NLuaTest\NLuaTest.csproj
		Policies = $0
		$0.TextStylePolicy = $3
		$1.inheritsSet = null
		$1.scope = text/x-csharp
		$0.CSharpFormattingPolicy = $2
		$2.AfterDelegateDeclarationParameterComma = True
		$2.inheritsSet = Mono
		$2.inheritsScope = text/x-csharp
		$2.scope = text/x-csharp
		$3.inheritsSet = Mono
		$3.inheritsScope = text/plain
		$3.scope = text/plain
		$0.StandardHeader = $4
		$4.Text = 
		$4.IncludeInNewFiles = True
		$0.NameConventionPolicy = $5
		$5.Rules = $6
		$6.NamingRule = $26
		$7.Name = Namespaces
		$7.AffectedEntity = Namespace
		$7.VisibilityMask = VisibilityMask
		$7.NamingStyle = PascalCase
		$7.IncludeInstanceMembers = True
		$7.IncludeStaticEntities = True
		$8.Name = Types
		$8.AffectedEntity = Class, Struct, Enum, Delegate
		$8.VisibilityMask = Public
		$8.NamingStyle = PascalCase
		$8.IncludeInstanceMembers = True
		$8.IncludeStaticEntities = True
		$9.Name = Interfaces
		$9.RequiredPrefixes = $10
		$10.String = I
		$9.AffectedEntity = Interface
		$9.VisibilityMask = Public
		$9.NamingStyle = PascalCase
		$9.IncludeInstanceMembers = True
		$9.IncludeStaticEntities = True
		$11.Name = Attributes
		$11.RequiredSuffixes = $12
		$12.String = Attribute
		$11.AffectedEntity = CustomAttributes
		$11.VisibilityMask = Public
		$11.NamingStyle = PascalCase
		$11.IncludeInstanceMembers = True
		$11.IncludeStaticEntities = True
		$13.Name = Event Arguments
		$13.RequiredSuffixes = $14
		$14.String = EventArgs
		$13.AffectedEntity = CustomEventArgs
		$13.VisibilityMask = Public
		$13.NamingStyle = PascalCase
		$13.IncludeInstanceMembers = True
		$13.IncludeStaticEntities = True
		$15.Name = Exceptions
		$15.RequiredSuffixes = $16
		$16.String = Exception
		$15.AffectedEntity = CustomExceptions
		$15.VisibilityMask = VisibilityMask
		$15.NamingStyle = PascalCase
		$15.IncludeInstanceMembers = True
		$15.IncludeStaticEntities = True
		$17.Name = Methods
		$17.AffectedEntity = Methods
		$17.VisibilityMask = Protected, Public
		$17.NamingStyle = PascalCase
		$17.IncludeInstanceMembers = True
		$17.IncludeStaticEntities = True
		$18.Name = Static Readonly Fields
		$18.AffectedEntity = ReadonlyField
		$18.VisibilityMask = Protected, Public
		$18.NamingStyle = PascalCase
		$18.IncludeInstanceMembers = False
		$18.IncludeStaticEntities = True
		$19.Name = Fields
		$19.AffectedEntity = Field
		$19.VisibilityMask = Protected, Public
		$19.NamingStyle = PascalCase
		$19.IncludeInstanceMembers = True
		$19.IncludeStaticEntities = True
		$20.Name = ReadOnly Fields
		$20.AffectedEntity = ReadonlyField
		$20.VisibilityMask = Protected, Public
		$20.NamingStyle = PascalCase
		$20.IncludeInstanceMembers = True
		$20.IncludeStaticEntities = False
		$21.Name = Constant Fields
		$21.AffectedEntity = ConstantField
		$21.VisibilityMask = Protected, Public
		$21.NamingStyle = PascalCase
		$21.IncludeInstanceMembers = True
		$21.IncludeStaticEntities = True
		$22.Name = Properties
		$22.AffectedEntity = Property
		$22.VisibilityMask = Protected, Public
		$22.NamingStyle = PascalCase
		$22.IncludeInstanceMembers = True
		$22.IncludeStaticEntities = True
		$23.Name = Events
		$23.AffectedEntity = Event
		$23.VisibilityMask = Protected, Public
		$23.NamingStyle = PascalCase
		$23.IncludeInstanceMembers = True
		$23.IncludeStaticEntities = True
		$24.Name = Enum Members
		$24.AffectedEntity = EnumMember
		$24.VisibilityMask = VisibilityMask
		$24.NamingStyle = PascalCase
		$24.IncludeInstanceMembers = True
		$24.IncludeStaticEntities = True
		$25.Name = Parameters
		$25.AffectedEntity = Parameter
		$25.VisibilityMask = VisibilityMask
		$25.NamingStyle = CamelCase
		$25.IncludeInstanceMembers = True
		$25.IncludeStaticEntities = True
		$26.Name = Type Parameters
		$26.RequiredPrefixes = $27
		$27.String = T
		$26.AffectedEntity = TypeParameter
		$26.VisibilityMask = VisibilityMask
		$26.NamingStyle = PascalCase
		$26.IncludeInstanceMembers = True
		$26.IncludeStaticEntities = True
		$0.DotNetNamingPolicy = $28
		$28.DirectoryNamespaceAssociation = None
		$28.ResourceNamePolicy = FileFormatDefault
		description = NLua
		version = 2.x
	EndGlobalSection
EndGlobal
