
Microsoft Visual Studio Solution File, Format Version 12.00
# Visual Studio 2012
Project("{2150E333-8FDC-42A3-9474-1A3956D46DE8}") = "Test", "Test", "{0E28CF40-4DFA-46FE-95BB-E90648DFE6F5}"
EndProject
Project("{FAE04EC0-301F-11D3-BF4B-00C04F79EFBC}") = "NLuaTest.40", "NLuaTest\NLuaTest.40.csproj", "{D5FCADFA-5047-40C2-B392-256875862920}"
EndProject
Project("{FAE04EC0-301F-11D3-BF4B-00C04F79EFBC}") = "ConsoleTest.40", "ConsoleTest\ConsoleTest.40.csproj", "{A42D438C-34B3-4D3D-8165-8D3779FE16A7}"
EndProject
Project("{2150E333-8FDC-42A3-9474-1A3956D46DE8}") = "Applications", "Applications", "{B13128D8-A4F3-4C53-A4C6-F2EA34F527BD}"
EndProject
Project("{FAE04EC0-301F-11D3-BF4B-00C04F79EFBC}") = "NLua.40", "Applications\LuaRunner\NLua.40.csproj", "{3CE4CCB6-3465-43E3-B5ED-5FB9B70D20E5}"
EndProject
Project("{2150E333-8FDC-42A3-9474-1A3956D46DE8}") = "Core", "Core", "{B8664957-CB71-4F11-A4DB-59E7514BC5F3}"
EndProject
Project("{FAE04EC0-301F-11D3-BF4B-00C04F79EFBC}") = "KopiLua.Net40", "Core\KopiLua\KopiLua\KopiLua.Net40.csproj", "{E8DDBC21-EF74-4ABA-9C49-BFC702BE25D8}"
EndProject
Project("{FAE04EC0-301F-11D3-BF4B-00C04F79EFBC}") = "NLua.Net40", "Core\NLua\NLua.Net40.csproj", "{F55CABBB-4108-4A39-94E1-581FD46DC021}"
EndProject
Project("{FAE04EC0-301F-11D3-BF4B-00C04F79EFBC}") = "KeraLua.Net40", "Core\KeraLua\src\KeraLua.Net40.csproj", "{47153754-10F5-44D8-B578-F5A32B69061A}"
EndProject
Global
	GlobalSection(SolutionConfigurationPlatforms) = preSolution
		Debug|Any CPU = Debug|Any CPU
		DebugKopiLua|Any CPU = DebugKopiLua|Any CPU
		Release|Any CPU = Release|Any CPU
		ReleaseKopiLua|Any CPU = ReleaseKopiLua|Any CPU
		Debug|x64 = Debug|x64
		Release|x64 = Release|x64
		DebugKopiLua|x64 = DebugKopiLua|x64
		ReleaseKopiLua|x64 = ReleaseKopiLua|x64
	EndGlobalSection
	GlobalSection(ProjectConfigurationPlatforms) = postSolution
		{3CE4CCB6-3465-43E3-B5ED-5FB9B70D20E5}.Debug|Any CPU.ActiveCfg = Debug|Any CPU
		{3CE4CCB6-3465-43E3-B5ED-5FB9B70D20E5}.Debug|Any CPU.Build.0 = Debug|Any CPU
		{3CE4CCB6-3465-43E3-B5ED-5FB9B70D20E5}.Debug|x64.ActiveCfg = Debug|x64
		{3CE4CCB6-3465-43E3-B5ED-5FB9B70D20E5}.Debug|x64.Build.0 = Debug|x64
		{3CE4CCB6-3465-43E3-B5ED-5FB9B70D20E5}.DebugKopiLua|Any CPU.ActiveCfg = DebugKopiLua|Any CPU
		{3CE4CCB6-3465-43E3-B5ED-5FB9B70D20E5}.DebugKopiLua|Any CPU.Build.0 = DebugKopiLua|Any CPU
		{3CE4CCB6-3465-43E3-B5ED-5FB9B70D20E5}.DebugKopiLua|x64.ActiveCfg = DebugKopiLua|x64
		{3CE4CCB6-3465-43E3-B5ED-5FB9B70D20E5}.DebugKopiLua|x64.Build.0 = DebugKopiLua|x64
		{3CE4CCB6-3465-43E3-B5ED-5FB9B70D20E5}.Release|Any CPU.ActiveCfg = Release|Any CPU
		{3CE4CCB6-3465-43E3-B5ED-5FB9B70D20E5}.Release|Any CPU.Build.0 = Release|Any CPU
		{3CE4CCB6-3465-43E3-B5ED-5FB9B70D20E5}.Release|x64.ActiveCfg = Release|x64
		{3CE4CCB6-3465-43E3-B5ED-5FB9B70D20E5}.Release|x64.Build.0 = Release|x64
		{3CE4CCB6-3465-43E3-B5ED-5FB9B70D20E5}.ReleaseKopiLua|Any CPU.ActiveCfg = ReleaseKopiLua|Any CPU
		{3CE4CCB6-3465-43E3-B5ED-5FB9B70D20E5}.ReleaseKopiLua|Any CPU.Build.0 = ReleaseKopiLua|Any CPU
		{3CE4CCB6-3465-43E3-B5ED-5FB9B70D20E5}.ReleaseKopiLua|x64.ActiveCfg = ReleaseKopiLua|x64
		{3CE4CCB6-3465-43E3-B5ED-5FB9B70D20E5}.ReleaseKopiLua|x64.Build.0 = ReleaseKopiLua|x64
		{47153754-10F5-44D8-B578-F5A32B69061A}.Debug|Any CPU.ActiveCfg = Debug|Any CPU
		{47153754-10F5-44D8-B578-F5A32B69061A}.Debug|Any CPU.Build.0 = Debug|Any CPU
		{47153754-10F5-44D8-B578-F5A32B69061A}.Debug|x64.ActiveCfg = Debug|Any CPU
		{47153754-10F5-44D8-B578-F5A32B69061A}.Debug|x64.Build.0 = Debug|Any CPU
		{47153754-10F5-44D8-B578-F5A32B69061A}.DebugKopiLua|Any CPU.ActiveCfg = DebugKopiLua|Any CPU
		{47153754-10F5-44D8-B578-F5A32B69061A}.DebugKopiLua|Any CPU.Build.0 = DebugKopiLua|Any CPU
		{47153754-10F5-44D8-B578-F5A32B69061A}.DebugKopiLua|x64.ActiveCfg = DebugKopiLua|Any CPU
		{47153754-10F5-44D8-B578-F5A32B69061A}.DebugKopiLua|x64.Build.0 = DebugKopiLua|Any CPU
		{47153754-10F5-44D8-B578-F5A32B69061A}.Release|Any CPU.ActiveCfg = Release|Any CPU
		{47153754-10F5-44D8-B578-F5A32B69061A}.Release|Any CPU.Build.0 = Release|Any CPU
		{47153754-10F5-44D8-B578-F5A32B69061A}.Release|x64.ActiveCfg = Release|Any CPU
		{47153754-10F5-44D8-B578-F5A32B69061A}.Release|x64.Build.0 = Release|Any CPU
		{47153754-10F5-44D8-B578-F5A32B69061A}.ReleaseKopiLua|Any CPU.ActiveCfg = ReleaseKopiLua|Any CPU
		{47153754-10F5-44D8-B578-F5A32B69061A}.ReleaseKopiLua|Any CPU.Build.0 = ReleaseKopiLua|Any CPU
		{47153754-10F5-44D8-B578-F5A32B69061A}.ReleaseKopiLua|x64.ActiveCfg = ReleaseKopiLua|Any CPU
		{47153754-10F5-44D8-B578-F5A32B69061A}.ReleaseKopiLua|x64.Build.0 = ReleaseKopiLua|Any CPU
		{A42D438C-34B3-4D3D-8165-8D3779FE16A7}.Debug|Any CPU.ActiveCfg = Debug|Any CPU
		{A42D438C-34B3-4D3D-8165-8D3779FE16A7}.Debug|Any CPU.Build.0 = Debug|Any CPU
		{A42D438C-34B3-4D3D-8165-8D3779FE16A7}.Debug|x64.ActiveCfg = Debug|Any CPU
		{A42D438C-34B3-4D3D-8165-8D3779FE16A7}.Debug|x64.Build.0 = Debug|Any CPU
		{A42D438C-34B3-4D3D-8165-8D3779FE16A7}.DebugKopiLua|Any CPU.ActiveCfg = DebugKopiLua|Any CPU
		{A42D438C-34B3-4D3D-8165-8D3779FE16A7}.DebugKopiLua|Any CPU.Build.0 = DebugKopiLua|Any CPU
		{A42D438C-34B3-4D3D-8165-8D3779FE16A7}.DebugKopiLua|x64.ActiveCfg = DebugKopiLua|Any CPU
		{A42D438C-34B3-4D3D-8165-8D3779FE16A7}.DebugKopiLua|x64.Build.0 = DebugKopiLua|Any CPU
		{A42D438C-34B3-4D3D-8165-8D3779FE16A7}.Release|Any CPU.ActiveCfg = Release|Any CPU
		{A42D438C-34B3-4D3D-8165-8D3779FE16A7}.Release|Any CPU.Build.0 = Release|Any CPU
		{A42D438C-34B3-4D3D-8165-8D3779FE16A7}.Release|x64.ActiveCfg = Release|Any CPU
		{A42D438C-34B3-4D3D-8165-8D3779FE16A7}.Release|x64.Build.0 = Release|Any CPU
		{A42D438C-34B3-4D3D-8165-8D3779FE16A7}.ReleaseKopiLua|Any CPU.ActiveCfg = ReleaseKopiLua|Any CPU
		{A42D438C-34B3-4D3D-8165-8D3779FE16A7}.ReleaseKopiLua|Any CPU.Build.0 = ReleaseKopiLua|Any CPU
		{A42D438C-34B3-4D3D-8165-8D3779FE16A7}.ReleaseKopiLua|x64.ActiveCfg = ReleaseKopiLua|Any CPU
		{A42D438C-34B3-4D3D-8165-8D3779FE16A7}.ReleaseKopiLua|x64.Build.0 = ReleaseKopiLua|Any CPU
		{D5FCADFA-5047-40C2-B392-256875862920}.Debug|Any CPU.ActiveCfg = Debug|Any CPU
		{D5FCADFA-5047-40C2-B392-256875862920}.Debug|Any CPU.Build.0 = Debug|Any CPU
		{D5FCADFA-5047-40C2-B392-256875862920}.Debug|x64.ActiveCfg = Debug|Any CPU
		{D5FCADFA-5047-40C2-B392-256875862920}.Debug|x64.Build.0 = Debug|Any CPU
		{D5FCADFA-5047-40C2-B392-256875862920}.DebugKopiLua|Any CPU.ActiveCfg = DebugKopiLua|Any CPU
		{D5FCADFA-5047-40C2-B392-256875862920}.DebugKopiLua|Any CPU.Build.0 = DebugKopiLua|Any CPU
		{D5FCADFA-5047-40C2-B392-256875862920}.DebugKopiLua|x64.ActiveCfg = DebugKopiLua|Any CPU
		{D5FCADFA-5047-40C2-B392-256875862920}.DebugKopiLua|x64.Build.0 = DebugKopiLua|Any CPU
		{D5FCADFA-5047-40C2-B392-256875862920}.Release|Any CPU.ActiveCfg = Release|Any CPU
		{D5FCADFA-5047-40C2-B392-256875862920}.Release|Any CPU.Build.0 = Release|Any CPU
		{D5FCADFA-5047-40C2-B392-256875862920}.Release|x64.ActiveCfg = Release|Any CPU
		{D5FCADFA-5047-40C2-B392-256875862920}.Release|x64.Build.0 = Release|Any CPU
		{D5FCADFA-5047-40C2-B392-256875862920}.ReleaseKopiLua|Any CPU.ActiveCfg = ReleaseKopiLua|Any CPU
		{D5FCADFA-5047-40C2-B392-256875862920}.ReleaseKopiLua|Any CPU.Build.0 = ReleaseKopiLua|Any CPU
		{D5FCADFA-5047-40C2-B392-256875862920}.ReleaseKopiLua|x64.ActiveCfg = ReleaseKopiLua|Any CPU
		{D5FCADFA-5047-40C2-B392-256875862920}.ReleaseKopiLua|x64.Build.0 = ReleaseKopiLua|Any CPU
		{E8DDBC21-EF74-4ABA-9C49-BFC702BE25D8}.Debug|Any CPU.ActiveCfg = Debug|Any CPU
		{E8DDBC21-EF74-4ABA-9C49-BFC702BE25D8}.Debug|Any CPU.Build.0 = Debug|Any CPU
		{E8DDBC21-EF74-4ABA-9C49-BFC702BE25D8}.Debug|x64.ActiveCfg = Debug|Any CPU
		{E8DDBC21-EF74-4ABA-9C49-BFC702BE25D8}.Debug|x64.Build.0 = Debug|Any CPU
		{E8DDBC21-EF74-4ABA-9C49-BFC702BE25D8}.DebugKopiLua|Any CPU.ActiveCfg = DebugKopiLua|Any CPU
		{E8DDBC21-EF74-4ABA-9C49-BFC702BE25D8}.DebugKopiLua|Any CPU.Build.0 = DebugKopiLua|Any CPU
		{E8DDBC21-EF74-4ABA-9C49-BFC702BE25D8}.DebugKopiLua|x64.ActiveCfg = DebugKopiLua|Any CPU
		{E8DDBC21-EF74-4ABA-9C49-BFC702BE25D8}.DebugKopiLua|x64.Build.0 = DebugKopiLua|Any CPU
		{E8DDBC21-EF74-4ABA-9C49-BFC702BE25D8}.Release|Any CPU.ActiveCfg = Release|Any CPU
		{E8DDBC21-EF74-4ABA-9C49-BFC702BE25D8}.Release|Any CPU.Build.0 = Release|Any CPU
		{E8DDBC21-EF74-4ABA-9C49-BFC702BE25D8}.Release|x64.ActiveCfg = Release|Any CPU
		{E8DDBC21-EF74-4ABA-9C49-BFC702BE25D8}.Release|x64.Build.0 = Release|Any CPU
		{E8DDBC21-EF74-4ABA-9C49-BFC702BE25D8}.ReleaseKopiLua|Any CPU.ActiveCfg = ReleaseKopiLua|Any CPU
		{E8DDBC21-EF74-4ABA-9C49-BFC702BE25D8}.ReleaseKopiLua|Any CPU.Build.0 = ReleaseKopiLua|Any CPU
		{E8DDBC21-EF74-4ABA-9C49-BFC702BE25D8}.ReleaseKopiLua|x64.ActiveCfg = ReleaseKopiLua|Any CPU
		{E8DDBC21-EF74-4ABA-9C49-BFC702BE25D8}.ReleaseKopiLua|x64.Build.0 = ReleaseKopiLua|Any CPU
		{F55CABBB-4108-4A39-94E1-581FD46DC021}.Debug|Any CPU.ActiveCfg = Debug|Any CPU
		{F55CABBB-4108-4A39-94E1-581FD46DC021}.Debug|Any CPU.Build.0 = Debug|Any CPU
		{F55CABBB-4108-4A39-94E1-581FD46DC021}.Debug|x64.ActiveCfg = Debug|Any CPU
		{F55CABBB-4108-4A39-94E1-581FD46DC021}.Debug|x64.Build.0 = Debug|Any CPU
		{F55CABBB-4108-4A39-94E1-581FD46DC021}.DebugKopiLua|Any CPU.ActiveCfg = DebugKopiLua|Any CPU
		{F55CABBB-4108-4A39-94E1-581FD46DC021}.DebugKopiLua|Any CPU.Build.0 = DebugKopiLua|Any CPU
		{F55CABBB-4108-4A39-94E1-581FD46DC021}.DebugKopiLua|x64.ActiveCfg = DebugKopiLua|Any CPU
		{F55CABBB-4108-4A39-94E1-581FD46DC021}.DebugKopiLua|x64.Build.0 = DebugKopiLua|Any CPU
		{F55CABBB-4108-4A39-94E1-581FD46DC021}.Release|Any CPU.ActiveCfg = Release|Any CPU
		{F55CABBB-4108-4A39-94E1-581FD46DC021}.Release|Any CPU.Build.0 = Release|Any CPU
		{F55CABBB-4108-4A39-94E1-581FD46DC021}.Release|x64.ActiveCfg = Release|Any CPU
		{F55CABBB-4108-4A39-94E1-581FD46DC021}.Release|x64.Build.0 = Release|Any CPU
		{F55CABBB-4108-4A39-94E1-581FD46DC021}.ReleaseKopiLua|Any CPU.ActiveCfg = ReleaseKopiLua|Any CPU
		{F55CABBB-4108-4A39-94E1-581FD46DC021}.ReleaseKopiLua|Any CPU.Build.0 = ReleaseKopiLua|Any CPU
		{F55CABBB-4108-4A39-94E1-581FD46DC021}.ReleaseKopiLua|x64.ActiveCfg = ReleaseKopiLua|Any CPU
		{F55CABBB-4108-4A39-94E1-581FD46DC021}.ReleaseKopiLua|x64.Build.0 = ReleaseKopiLua|Any CPU
	EndGlobalSection
	GlobalSection(NestedProjects) = preSolution
		{D5FCADFA-5047-40C2-B392-256875862920} = {0E28CF40-4DFA-46FE-95BB-E90648DFE6F5}
		{A42D438C-34B3-4D3D-8165-8D3779FE16A7} = {0E28CF40-4DFA-46FE-95BB-E90648DFE6F5}
		{3CE4CCB6-3465-43E3-B5ED-5FB9B70D20E5} = {B13128D8-A4F3-4C53-A4C6-F2EA34F527BD}
		{E8DDBC21-EF74-4ABA-9C49-BFC702BE25D8} = {B8664957-CB71-4F11-A4DB-59E7514BC5F3}
		{F55CABBB-4108-4A39-94E1-581FD46DC021} = {B8664957-CB71-4F11-A4DB-59E7514BC5F3}
		{47153754-10F5-44D8-B578-F5A32B69061A} = {B8664957-CB71-4F11-A4DB-59E7514BC5F3}
	EndGlobalSection
	GlobalSection(MonoDevelopProperties) = preSolution
		StartupItem = Applications\LuaRunner\NLua.40.csproj
		Policies = $0
		$0.TextStylePolicy = $1
		$1.FileWidth = 120
		$1.TabsToSpaces = False
		$1.inheritsSet = VisualStudio
		$1.inheritsScope = text/plain
		description = NLua
		version = 2.x
	EndGlobalSection
	GlobalSection(SolutionProperties) = preSolution
		HideSolutionNode = FALSE
	EndGlobalSection
EndGlobal
