
Microsoft Visual Studio Solution File, Format Version 12.00
# Visual Studio Version 16
VisualStudioVersion = 16.0.30907.101
MinimumVisualStudioVersion = 10.0.40219.1
Project("{2150E333-8FDC-42A3-9474-1A3956D46DE8}") = "NLua", "NLua", "{4A43DAAC-F9FF-4EB1-BFBD-FB4655CCE1F7}"
EndProject
Project("{D954291E-2A0B-460D-934E-DC6B0785DB48}") = "NLua.Shared", "src\NLua.Shared.shproj", "{BD205AD6-760E-48F3-BAB2-21447396BD17}"
EndProject
Project("{9A19103F-16F7-4668-BE54-9A1E7A4F7556}") = "NLua.net8.0", "build\net8.0\NLua.net8.0.csproj", "{A1944148-0AD8-4DEF-A245-60C7A8AE8AA7}"
EndProject
Project("{2150E333-8FDC-42A3-9474-1A3956D46DE8}") = "Solution Items", "Solution Items", "{D432F663-23CC-48B1-A413-935E5393493C}"
	ProjectSection(SolutionItems) = preProject
		.editorconfig = .editorconfig
	EndProjectSection
EndProject
Project("{FAE04EC0-301F-11D3-BF4B-00C04F79EFBC}") = "NLuaTest.net8.0", "tests\build\net8.0\NLuaTest.net8.0.csproj", "{3E63EFA4-AEBA-4F9E-B87A-47EEF4510031}"
EndProject
Global
	GlobalSection(SharedMSBuildProjectFiles) = preSolution
		src\NLua.Shared.projitems*{a1944148-0ad8-4def-a245-60c7a8ae8aa7}*SharedItemsImports = 5
		src\NLua.Shared.projitems*{bd205ad6-760e-48f3-bab2-21447396bd17}*SharedItemsImports = 13
	EndGlobalSection
	GlobalSection(SolutionConfigurationPlatforms) = preSolution
		Debug|Any CPU = Debug|Any CPU
		Release|Any CPU = Release|Any CPU
	EndGlobalSection
	GlobalSection(ProjectConfigurationPlatforms) = postSolution
		{A1944148-0AD8-4DEF-A245-60C7A8AE8AA7}.Debug|Any CPU.ActiveCfg = Debug|Any CPU
		{A1944148-0AD8-4DEF-A245-60C7A8AE8AA7}.Debug|Any CPU.Build.0 = Debug|Any CPU
		{A1944148-0AD8-4DEF-A245-60C7A8AE8AA7}.Release|Any CPU.ActiveCfg = Release|Any CPU
		{A1944148-0AD8-4DEF-A245-60C7A8AE8AA7}.Release|Any CPU.Build.0 = Release|Any CPU
		{3E63EFA4-AEBA-4F9E-B87A-47EEF4510031}.Debug|Any CPU.ActiveCfg = Debug|Any CPU
		{3E63EFA4-AEBA-4F9E-B87A-47EEF4510031}.Debug|Any CPU.Build.0 = Debug|Any CPU
		{3E63EFA4-AEBA-4F9E-B87A-47EEF4510031}.Release|Any CPU.ActiveCfg = Release|Any CPU
		{3E63EFA4-AEBA-4F9E-B87A-47EEF4510031}.Release|Any CPU.Build.0 = Release|Any CPU
	EndGlobalSection
	GlobalSection(SolutionProperties) = preSolution
		HideSolutionNode = FALSE
	EndGlobalSection
	GlobalSection(NestedProjects) = preSolution
		{BD205AD6-760E-48F3-BAB2-21447396BD17} = {4A43DAAC-F9FF-4EB1-BFBD-FB4655CCE1F7}
		{A1944148-0AD8-4DEF-A245-60C7A8AE8AA7} = {4A43DAAC-F9FF-4EB1-BFBD-FB4655CCE1F7}
	EndGlobalSection
	GlobalSection(ExtensibilityGlobals) = postSolution
		SolutionGuid = {4720E610-698B-48DD-BBD7-03AC99E9BC90}
	EndGlobalSection
EndGlobal
